// !$*UTF8*$!
{
	archiveVersion = 1;
	classes = {
	};
	objectVersion = 77;
	objects = {

/* Begin PBXBuildFile section */
		F799AF242E701BF6008E1E6E /* Alamofire in Frameworks */ = {isa = PBXBuildFile; productRef = F799AF232E701BF6008E1E6E /* Alamofire */; };
		F7CAC9312E68332E0044FA9C /* FirebaseAnalytics in Frameworks */ = {isa = PBXBuildFile; productRef = F7CAC9302E68332E0044FA9C /* FirebaseAnalytics */; };
		F7CAC9332E68332E0044FA9C /* FirebaseAuth in Frameworks */ = {isa = PBXBuildFile; productRef = F7CAC9322E68332E0044FA9C /* FirebaseAuth */; };
		F7CAC9352E68332E0044FA9C /* FirebaseCore in Frameworks */ = {isa = PBXBuildFile; productRef = F7CAC9342E68332E0044FA9C /* FirebaseCore */; };
		F7CAC9382E68333F0044FA9C /* GoogleSignIn in Frameworks */ = {isa = PBXBuildFile; productRef = F7CAC9372E68333F0044FA9C /* GoogleSignIn */; };
		F7CAC93A2E68333F0044FA9C /* GoogleSignInSwift in Frameworks */ = {isa = PBXBuildFile; productRef = F7CAC9392E68333F0044FA9C /* GoogleSignInSwift */; };
		F7D551032E619887004144B1 /* NMapsMap in Frameworks */ = {isa = PBXBuildFile; productRef = F7D551022E619887004144B1 /* NMapsMap */; };
		F7FD150A2E65455200C5ADFF /* BottomSheet in Frameworks */ = {isa = PBXBuildFile; productRef = F7FD15092E65455200C5ADFF /* BottomSheet */; };
/* End PBXBuildFile section */

/* Begin PBXContainerItemProxy section */
		F75C1B932E5DF82A00451E92 /* PBXContainerItemProxy */ = {
			isa = PBXContainerItemProxy;
			containerPortal = F75C1B7D2E5DF82900451E92 /* Project object */;
			proxyType = 1;
			remoteGlobalIDString = F75C1B842E5DF82900451E92;
			remoteInfo = yeogijeogi;
		};
		F75C1B9D2E5DF82A00451E92 /* PBXContainerItemProxy */ = {
			isa = PBXContainerItemProxy;
			containerPortal = F75C1B7D2E5DF82900451E92 /* Project object */;
			proxyType = 1;
			remoteGlobalIDString = F75C1B842E5DF82900451E92;
			remoteInfo = yeogijeogi;
		};
/* End PBXContainerItemProxy section */

/* Begin PBXFileReference section */
		F75C1B852E5DF82900451E92 /* yeogijeogi.app */ = {isa = PBXFileReference; explicitFileType = wrapper.application; includeInIndex = 0; path = yeogijeogi.app; sourceTree = BUILT_PRODUCTS_DIR; };
		F75C1B922E5DF82A00451E92 /* yeogijeogiTests.xctest */ = {isa = PBXFileReference; explicitFileType = wrapper.cfbundle; includeInIndex = 0; path = yeogijeogiTests.xctest; sourceTree = BUILT_PRODUCTS_DIR; };
		F75C1B9C2E5DF82A00451E92 /* yeogijeogiUITests.xctest */ = {isa = PBXFileReference; explicitFileType = wrapper.cfbundle; includeInIndex = 0; path = yeogijeogiUITests.xctest; sourceTree = BUILT_PRODUCTS_DIR; };
/* End PBXFileReference section */

/* Begin PBXFileSystemSynchronizedBuildFileExceptionSet section */
		F7F8B2B82E5F294900D7C82C /* Exceptions for "yeogijeogi" folder in "yeogijeogi" target */ = {
			isa = PBXFileSystemSynchronizedBuildFileExceptionSet;
			membershipExceptions = (
				config/Config.xcconfig,
				Info.plist,
			);
			target = F75C1B842E5DF82900451E92 /* yeogijeogi */;
		};
/* End PBXFileSystemSynchronizedBuildFileExceptionSet section */

/* Begin PBXFileSystemSynchronizedRootGroup section */
		F75C1B872E5DF82900451E92 /* yeogijeogi */ = {
			isa = PBXFileSystemSynchronizedRootGroup;
			exceptions = (
				F7F8B2B82E5F294900D7C82C /* Exceptions for "yeogijeogi" folder in "yeogijeogi" target */,
			);
			path = yeogijeogi;
			sourceTree = "<group>";
		};
		F75C1B952E5DF82A00451E92 /* yeogijeogiTests */ = {
			isa = PBXFileSystemSynchronizedRootGroup;
			path = yeogijeogiTests;
			sourceTree = "<group>";
		};
		F75C1B9F2E5DF82A00451E92 /* yeogijeogiUITests */ = {
			isa = PBXFileSystemSynchronizedRootGroup;
			path = yeogijeogiUITests;
			sourceTree = "<group>";
		};
/* End PBXFileSystemSynchronizedRootGroup section */

/* Begin PBXFrameworksBuildPhase section */
		F75C1B822E5DF82900451E92 /* Frameworks */ = {
			isa = PBXFrameworksBuildPhase;
			buildActionMask = 2147483647;
			files = (
				F7D551032E619887004144B1 /* NMapsMap in Frameworks */,
				F799AF242E701BF6008E1E6E /* Alamofire in Frameworks */,
				F7CAC9352E68332E0044FA9C /* FirebaseCore in Frameworks */,
				F7CAC93A2E68333F0044FA9C /* GoogleSignInSwift in Frameworks */,
				F7FD150A2E65455200C5ADFF /* BottomSheet in Frameworks */,
				F7CAC9312E68332E0044FA9C /* FirebaseAnalytics in Frameworks */,
				F7CAC9332E68332E0044FA9C /* FirebaseAuth in Frameworks */,
				F7CAC9382E68333F0044FA9C /* GoogleSignIn in Frameworks */,
			);
			runOnlyForDeploymentPostprocessing = 0;
		};
		F75C1B8F2E5DF82A00451E92 /* Frameworks */ = {
			isa = PBXFrameworksBuildPhase;
			buildActionMask = 2147483647;
			files = (
			);
			runOnlyForDeploymentPostprocessing = 0;
		};
		F75C1B992E5DF82A00451E92 /* Frameworks */ = {
			isa = PBXFrameworksBuildPhase;
			buildActionMask = 2147483647;
			files = (
			);
			runOnlyForDeploymentPostprocessing = 0;
		};
/* End PBXFrameworksBuildPhase section */

/* Begin PBXGroup section */
		F75C1B7C2E5DF82900451E92 = {
			isa = PBXGroup;
			children = (
				F75C1B872E5DF82900451E92 /* yeogijeogi */,
				F75C1B952E5DF82A00451E92 /* yeogijeogiTests */,
				F75C1B9F2E5DF82A00451E92 /* yeogijeogiUITests */,
				F75C1B862E5DF82900451E92 /* Products */,
			);
			sourceTree = "<group>";
		};
		F75C1B862E5DF82900451E92 /* Products */ = {
			isa = PBXGroup;
			children = (
				F75C1B852E5DF82900451E92 /* yeogijeogi.app */,
				F75C1B922E5DF82A00451E92 /* yeogijeogiTests.xctest */,
				F75C1B9C2E5DF82A00451E92 /* yeogijeogiUITests.xctest */,
			);
			name = Products;
			sourceTree = "<group>";
		};
/* End PBXGroup section */

/* Begin PBXNativeTarget section */
		F75C1B842E5DF82900451E92 /* yeogijeogi */ = {
			isa = PBXNativeTarget;
			buildConfigurationList = F75C1BA62E5DF82A00451E92 /* Build configuration list for PBXNativeTarget "yeogijeogi" */;
			buildPhases = (
				F75C1B812E5DF82900451E92 /* Sources */,
				F75C1B822E5DF82900451E92 /* Frameworks */,
				F75C1B832E5DF82900451E92 /* Resources */,
			);
			buildRules = (
			);
			dependencies = (
			);
			fileSystemSynchronizedGroups = (
				F75C1B872E5DF82900451E92 /* yeogijeogi */,
			);
			name = yeogijeogi;
			packageProductDependencies = (
				F7D551022E619887004144B1 /* NMapsMap */,
				F7FD15092E65455200C5ADFF /* BottomSheet */,
				F7CAC9302E68332E0044FA9C /* FirebaseAnalytics */,
				F7CAC9322E68332E0044FA9C /* FirebaseAuth */,
				F7CAC9342E68332E0044FA9C /* FirebaseCore */,
				F7CAC9372E68333F0044FA9C /* GoogleSignIn */,
				F7CAC9392E68333F0044FA9C /* GoogleSignInSwift */,
				F799AF232E701BF6008E1E6E /* Alamofire */,
			);
			productName = yeogijeogi;
			productReference = F75C1B852E5DF82900451E92 /* yeogijeogi.app */;
			productType = "com.apple.product-type.application";
		};
		F75C1B912E5DF82A00451E92 /* yeogijeogiTests */ = {
			isa = PBXNativeTarget;
			buildConfigurationList = F75C1BA92E5DF82A00451E92 /* Build configuration list for PBXNativeTarget "yeogijeogiTests" */;
			buildPhases = (
				F75C1B8E2E5DF82A00451E92 /* Sources */,
				F75C1B8F2E5DF82A00451E92 /* Frameworks */,
				F75C1B902E5DF82A00451E92 /* Resources */,
			);
			buildRules = (
			);
			dependencies = (
				F75C1B942E5DF82A00451E92 /* PBXTargetDependency */,
			);
			fileSystemSynchronizedGroups = (
				F75C1B952E5DF82A00451E92 /* yeogijeogiTests */,
			);
			name = yeogijeogiTests;
			packageProductDependencies = (
			);
			productName = yeogijeogiTests;
			productReference = F75C1B922E5DF82A00451E92 /* yeogijeogiTests.xctest */;
			productType = "com.apple.product-type.bundle.unit-test";
		};
		F75C1B9B2E5DF82A00451E92 /* yeogijeogiUITests */ = {
			isa = PBXNativeTarget;
			buildConfigurationList = F75C1BAC2E5DF82A00451E92 /* Build configuration list for PBXNativeTarget "yeogijeogiUITests" */;
			buildPhases = (
				F75C1B982E5DF82A00451E92 /* Sources */,
				F75C1B992E5DF82A00451E92 /* Frameworks */,
				F75C1B9A2E5DF82A00451E92 /* Resources */,
			);
			buildRules = (
			);
			dependencies = (
				F75C1B9E2E5DF82A00451E92 /* PBXTargetDependency */,
			);
			fileSystemSynchronizedGroups = (
				F75C1B9F2E5DF82A00451E92 /* yeogijeogiUITests */,
			);
			name = yeogijeogiUITests;
			packageProductDependencies = (
			);
			productName = yeogijeogiUITests;
			productReference = F75C1B9C2E5DF82A00451E92 /* yeogijeogiUITests.xctest */;
			productType = "com.apple.product-type.bundle.ui-testing";
		};
/* End PBXNativeTarget section */

/* Begin PBXProject section */
		F75C1B7D2E5DF82900451E92 /* Project object */ = {
			isa = PBXProject;
			attributes = {
				BuildIndependentTargetsInParallel = 1;
				LastSwiftUpdateCheck = 1640;
				LastUpgradeCheck = 2600;
				TargetAttributes = {
					F75C1B842E5DF82900451E92 = {
						CreatedOnToolsVersion = 16.4;
					};
					F75C1B912E5DF82A00451E92 = {
						CreatedOnToolsVersion = 16.4;
						TestTargetID = F75C1B842E5DF82900451E92;
					};
					F75C1B9B2E5DF82A00451E92 = {
						CreatedOnToolsVersion = 16.4;
						TestTargetID = F75C1B842E5DF82900451E92;
					};
				};
			};
			buildConfigurationList = F75C1B802E5DF82900451E92 /* Build configuration list for PBXProject "yeogijeogi" */;
			developmentRegion = en;
			hasScannedForEncodings = 0;
			knownRegions = (
				en,
				Base,
			);
			mainGroup = F75C1B7C2E5DF82900451E92;
			minimizedProjectReferenceProxies = 1;
			packageReferences = (
				F7D551012E619887004144B1 /* XCRemoteSwiftPackageReference "SPM-NMapsMap" */,
				F7FD15082E65453800C5ADFF /* XCRemoteSwiftPackageReference "BottomSheet" */,
				F7CAC92F2E68332E0044FA9C /* XCRemoteSwiftPackageReference "firebase-ios-sdk" */,
				F7CAC9362E68333F0044FA9C /* XCRemoteSwiftPackageReference "GoogleSignIn-iOS" */,
				F799AF222E701BF6008E1E6E /* XCRemoteSwiftPackageReference "Alamofire" */,
			);
			preferredProjectObjectVersion = 77;
			productRefGroup = F75C1B862E5DF82900451E92 /* Products */;
			projectDirPath = "";
			projectRoot = "";
			targets = (
				F75C1B842E5DF82900451E92 /* yeogijeogi */,
				F75C1B912E5DF82A00451E92 /* yeogijeogiTests */,
				F75C1B9B2E5DF82A00451E92 /* yeogijeogiUITests */,
			);
		};
/* End PBXProject section */

/* Begin PBXResourcesBuildPhase section */
		F75C1B832E5DF82900451E92 /* Resources */ = {
			isa = PBXResourcesBuildPhase;
			buildActionMask = 2147483647;
			files = (
			);
			runOnlyForDeploymentPostprocessing = 0;
		};
		F75C1B902E5DF82A00451E92 /* Resources */ = {
			isa = PBXResourcesBuildPhase;
			buildActionMask = 2147483647;
			files = (
			);
			runOnlyForDeploymentPostprocessing = 0;
		};
		F75C1B9A2E5DF82A00451E92 /* Resources */ = {
			isa = PBXResourcesBuildPhase;
			buildActionMask = 2147483647;
			files = (
			);
			runOnlyForDeploymentPostprocessing = 0;
		};
/* End PBXResourcesBuildPhase section */

/* Begin PBXSourcesBuildPhase section */
		F75C1B812E5DF82900451E92 /* Sources */ = {
			isa = PBXSourcesBuildPhase;
			buildActionMask = 2147483647;
			files = (
			);
			runOnlyForDeploymentPostprocessing = 0;
		};
		F75C1B8E2E5DF82A00451E92 /* Sources */ = {
			isa = PBXSourcesBuildPhase;
			buildActionMask = 2147483647;
			files = (
			);
			runOnlyForDeploymentPostprocessing = 0;
		};
		F75C1B982E5DF82A00451E92 /* Sources */ = {
			isa = PBXSourcesBuildPhase;
			buildActionMask = 2147483647;
			files = (
			);
			runOnlyForDeploymentPostprocessing = 0;
		};
/* End PBXSourcesBuildPhase section */

/* Begin PBXTargetDependency section */
		F75C1B942E5DF82A00451E92 /* PBXTargetDependency */ = {
			isa = PBXTargetDependency;
			target = F75C1B842E5DF82900451E92 /* yeogijeogi */;
			targetProxy = F75C1B932E5DF82A00451E92 /* PBXContainerItemProxy */;
		};
		F75C1B9E2E5DF82A00451E92 /* PBXTargetDependency */ = {
			isa = PBXTargetDependency;
			target = F75C1B842E5DF82900451E92 /* yeogijeogi */;
			targetProxy = F75C1B9D2E5DF82A00451E92 /* PBXContainerItemProxy */;
		};
/* End PBXTargetDependency section */

/* Begin XCBuildConfiguration section */
		F75C1BA42E5DF82A00451E92 /* Debug */ = {
			isa = XCBuildConfiguration;
			buildSettings = {
				ALWAYS_SEARCH_USER_PATHS = NO;
				ASSETCATALOG_COMPILER_GENERATE_SWIFT_ASSET_SYMBOL_EXTENSIONS = YES;
				CLANG_ANALYZER_NONNULL = YES;
				CLANG_ANALYZER_NUMBER_OBJECT_CONVERSION = YES_AGGRESSIVE;
				CLANG_CXX_LANGUAGE_STANDARD = "gnu++20";
				CLANG_ENABLE_MODULES = YES;
				CLANG_ENABLE_OBJC_ARC = YES;
				CLANG_ENABLE_OBJC_WEAK = YES;
				CLANG_WARN_BLOCK_CAPTURE_AUTORELEASING = YES;
				CLANG_WARN_BOOL_CONVERSION = YES;
				CLANG_WARN_COMMA = YES;
				CLANG_WARN_CONSTANT_CONVERSION = YES;
				CLANG_WARN_DEPRECATED_OBJC_IMPLEMENTATIONS = YES;
				CLANG_WARN_DIRECT_OBJC_ISA_USAGE = YES_ERROR;
				CLANG_WARN_DOCUMENTATION_COMMENTS = YES;
				CLANG_WARN_EMPTY_BODY = YES;
				CLANG_WARN_ENUM_CONVERSION = YES;
				CLANG_WARN_INFINITE_RECURSION = YES;
				CLANG_WARN_INT_CONVERSION = YES;
				CLANG_WARN_NON_LITERAL_NULL_CONVERSION = YES;
				CLANG_WARN_OBJC_IMPLICIT_RETAIN_SELF = YES;
				CLANG_WARN_OBJC_LITERAL_CONVERSION = YES;
				CLANG_WARN_OBJC_ROOT_CLASS = YES_ERROR;
				CLANG_WARN_QUOTED_INCLUDE_IN_FRAMEWORK_HEADER = YES;
				CLANG_WARN_RANGE_LOOP_ANALYSIS = YES;
				CLANG_WARN_STRICT_PROTOTYPES = YES;
				CLANG_WARN_SUSPICIOUS_MOVE = YES;
				CLANG_WARN_UNGUARDED_AVAILABILITY = YES_AGGRESSIVE;
				CLANG_WARN_UNREACHABLE_CODE = YES;
				CLANG_WARN__DUPLICATE_METHOD_MATCH = YES;
				COPY_PHASE_STRIP = NO;
				DEBUG_INFORMATION_FORMAT = dwarf;
				DEVELOPMENT_TEAM = 785KK9R5M8;
				ENABLE_STRICT_OBJC_MSGSEND = YES;
				ENABLE_TESTABILITY = YES;
				ENABLE_USER_SCRIPT_SANDBOXING = YES;
				GCC_C_LANGUAGE_STANDARD = gnu17;
				GCC_DYNAMIC_NO_PIC = NO;
				GCC_NO_COMMON_BLOCKS = YES;
				GCC_OPTIMIZATION_LEVEL = 0;
				GCC_PREPROCESSOR_DEFINITIONS = (
					"DEBUG=1",
					"$(inherited)",
				);
				GCC_WARN_64_TO_32_BIT_CONVERSION = YES;
				GCC_WARN_ABOUT_RETURN_TYPE = YES_ERROR;
				GCC_WARN_UNDECLARED_SELECTOR = YES;
				GCC_WARN_UNINITIALIZED_AUTOS = YES_AGGRESSIVE;
				GCC_WARN_UNUSED_FUNCTION = YES;
				GCC_WARN_UNUSED_VARIABLE = YES;
				IPHONEOS_DEPLOYMENT_TARGET = 18.5;
				LOCALIZATION_PREFERS_STRING_CATALOGS = YES;
				MTL_ENABLE_DEBUG_INFO = INCLUDE_SOURCE;
				MTL_FAST_MATH = YES;
				ONLY_ACTIVE_ARCH = YES;
				SDKROOT = iphoneos;
				STRING_CATALOG_GENERATE_SYMBOLS = YES;
				SWIFT_ACTIVE_COMPILATION_CONDITIONS = "DEBUG $(inherited)";
				SWIFT_OPTIMIZATION_LEVEL = "-Onone";
			};
			name = Debug;
		};
		F75C1BA52E5DF82A00451E92 /* Release */ = {
			isa = XCBuildConfiguration;
			buildSettings = {
				ALWAYS_SEARCH_USER_PATHS = NO;
				ASSETCATALOG_COMPILER_GENERATE_SWIFT_ASSET_SYMBOL_EXTENSIONS = YES;
				CLANG_ANALYZER_NONNULL = YES;
				CLANG_ANALYZER_NUMBER_OBJECT_CONVERSION = YES_AGGRESSIVE;
				CLANG_CXX_LANGUAGE_STANDARD = "gnu++20";
				CLANG_ENABLE_MODULES = YES;
				CLANG_ENABLE_OBJC_ARC = YES;
				CLANG_ENABLE_OBJC_WEAK = YES;
				CLANG_WARN_BLOCK_CAPTURE_AUTORELEASING = YES;
				CLANG_WARN_BOOL_CONVERSION = YES;
				CLANG_WARN_COMMA = YES;
				CLANG_WARN_CONSTANT_CONVERSION = YES;
				CLANG_WARN_DEPRECATED_OBJC_IMPLEMENTATIONS = YES;
				CLANG_WARN_DIRECT_OBJC_ISA_USAGE = YES_ERROR;
				CLANG_WARN_DOCUMENTATION_COMMENTS = YES;
				CLANG_WARN_EMPTY_BODY = YES;
				CLANG_WARN_ENUM_CONVERSION = YES;
				CLANG_WARN_INFINITE_RECURSION = YES;
				CLANG_WARN_INT_CONVERSION = YES;
				CLANG_WARN_NON_LITERAL_NULL_CONVERSION = YES;
				CLANG_WARN_OBJC_IMPLICIT_RETAIN_SELF = YES;
				CLANG_WARN_OBJC_LITERAL_CONVERSION = YES;
				CLANG_WARN_OBJC_ROOT_CLASS = YES_ERROR;
				CLANG_WARN_QUOTED_INCLUDE_IN_FRAMEWORK_HEADER = YES;
				CLANG_WARN_RANGE_LOOP_ANALYSIS = YES;
				CLANG_WARN_STRICT_PROTOTYPES = YES;
				CLANG_WARN_SUSPICIOUS_MOVE = YES;
				CLANG_WARN_UNGUARDED_AVAILABILITY = YES_AGGRESSIVE;
				CLANG_WARN_UNREACHABLE_CODE = YES;
				CLANG_WARN__DUPLICATE_METHOD_MATCH = YES;
				COPY_PHASE_STRIP = NO;
				DEBUG_INFORMATION_FORMAT = "dwarf-with-dsym";
				DEVELOPMENT_TEAM = 785KK9R5M8;
				ENABLE_NS_ASSERTIONS = NO;
				ENABLE_STRICT_OBJC_MSGSEND = YES;
				ENABLE_USER_SCRIPT_SANDBOXING = YES;
				GCC_C_LANGUAGE_STANDARD = gnu17;
				GCC_NO_COMMON_BLOCKS = YES;
				GCC_WARN_64_TO_32_BIT_CONVERSION = YES;
				GCC_WARN_ABOUT_RETURN_TYPE = YES_ERROR;
				GCC_WARN_UNDECLARED_SELECTOR = YES;
				GCC_WARN_UNINITIALIZED_AUTOS = YES_AGGRESSIVE;
				GCC_WARN_UNUSED_FUNCTION = YES;
				GCC_WARN_UNUSED_VARIABLE = YES;
				IPHONEOS_DEPLOYMENT_TARGET = 18.5;
				LOCALIZATION_PREFERS_STRING_CATALOGS = YES;
				MTL_ENABLE_DEBUG_INFO = NO;
				MTL_FAST_MATH = YES;
				SDKROOT = iphoneos;
				STRING_CATALOG_GENERATE_SYMBOLS = YES;
				SWIFT_COMPILATION_MODE = wholemodule;
				VALIDATE_PRODUCT = YES;
			};
			name = Release;
		};
		F75C1BA72E5DF82A00451E92 /* Debug */ = {
			isa = XCBuildConfiguration;
			baseConfigurationReferenceAnchor = F75C1B872E5DF82900451E92 /* yeogijeogi */;
			baseConfigurationReferenceRelativePath = config/Config.xcconfig;
			buildSettings = {
				ASSETCATALOG_COMPILER_APPICON_NAME = AppIcon;
				ASSETCATALOG_COMPILER_GLOBAL_ACCENT_COLOR_NAME = AccentColor;
				CODE_SIGN_ENTITLEMENTS = yeogijeogi/yeogijeogi.entitlements;
				CODE_SIGN_STYLE = Automatic;
				CURRENT_PROJECT_VERSION = 1;
				DEVELOPMENT_TEAM = 785KK9R5M8;
				ENABLE_PREVIEWS = YES;
				GENERATE_INFOPLIST_FILE = YES;
				INFOPLIST_FILE = yeogijeogi/Info.plist;
				INFOPLIST_KEY_CFBundleDisplayName = "여기저기";
				INFOPLIST_KEY_LSApplicationCategoryType = "public.app-category.healthcare-fitness";
				INFOPLIST_KEY_NSLocationWhenInUseUsageDescription = "산책 경로 추천 및 실시간 경로 확인을 위해 위치 권한이 필요합니다.";
				INFOPLIST_KEY_UIApplicationSceneManifest_Generation = YES;
				INFOPLIST_KEY_UIApplicationSupportsIndirectInputEvents = YES;
				INFOPLIST_KEY_UILaunchScreen_Generation = YES;
				INFOPLIST_KEY_UISupportedInterfaceOrientations = UIInterfaceOrientationPortrait;
				INFOPLIST_KEY_UISupportedInterfaceOrientations_iPad = "UIInterfaceOrientationLandscapeLeft UIInterfaceOrientationLandscapeRight UIInterfaceOrientationPortrait UIInterfaceOrientationPortraitUpsideDown";
				LD_RUNPATH_SEARCH_PATHS = (
					"$(inherited)",
					"@executable_path/Frameworks",
				);
				MARKETING_VERSION = 1.0.0;
				PRODUCT_BUNDLE_IDENTIFIER = com.wonhajin.yeogijeogi;
				PRODUCT_NAME = "$(TARGET_NAME)";
				SUPPORTED_PLATFORMS = "iphoneos iphonesimulator";
				SUPPORTS_MACCATALYST = NO;
				SUPPORTS_MAC_DESIGNED_FOR_IPHONE_IPAD = NO;
				SUPPORTS_XR_DESIGNED_FOR_IPHONE_IPAD = NO;
				SWIFT_EMIT_LOC_STRINGS = YES;
				SWIFT_VERSION = 5.0;
				TARGETED_DEVICE_FAMILY = 1;
			};
			name = Debug;
		};
		F75C1BA82E5DF82A00451E92 /* Release */ = {
			isa = XCBuildConfiguration;
			baseConfigurationReferenceAnchor = F75C1B872E5DF82900451E92 /* yeogijeogi */;
			baseConfigurationReferenceRelativePath = config/Config.xcconfig;
			buildSettings = {
				ASSETCATALOG_COMPILER_APPICON_NAME = AppIcon;
				ASSETCATALOG_COMPILER_GLOBAL_ACCENT_COLOR_NAME = AccentColor;
				CODE_SIGN_ENTITLEMENTS = yeogijeogi/yeogijeogi.entitlements;
				CODE_SIGN_STYLE = Automatic;
				CURRENT_PROJECT_VERSION = 1;
				DEVELOPMENT_TEAM = 785KK9R5M8;
				ENABLE_PREVIEWS = YES;
				GENERATE_INFOPLIST_FILE = YES;
				INFOPLIST_FILE = yeogijeogi/Info.plist;
				INFOPLIST_KEY_CFBundleDisplayName = "여기저기";
				INFOPLIST_KEY_LSApplicationCategoryType = "public.app-category.healthcare-fitness";
				INFOPLIST_KEY_NSLocationWhenInUseUsageDescription = "산책 경로 추천 및 실시간 경로 확인을 위해 위치 권한이 필요합니다.";
				INFOPLIST_KEY_UIApplicationSceneManifest_Generation = YES;
				INFOPLIST_KEY_UIApplicationSupportsIndirectInputEvents = YES;
				INFOPLIST_KEY_UILaunchScreen_Generation = YES;
				INFOPLIST_KEY_UISupportedInterfaceOrientations = UIInterfaceOrientationPortrait;
				INFOPLIST_KEY_UISupportedInterfaceOrientations_iPad = "UIInterfaceOrientationLandscapeLeft UIInterfaceOrientationLandscapeRight UIInterfaceOrientationPortrait UIInterfaceOrientationPortraitUpsideDown";
				LD_RUNPATH_SEARCH_PATHS = (
					"$(inherited)",
					"@executable_path/Frameworks",
				);
				MARKETING_VERSION = 1.0.0;
				PRODUCT_BUNDLE_IDENTIFIER = com.wonhajin.yeogijeogi;
				PRODUCT_NAME = "$(TARGET_NAME)";
				SUPPORTED_PLATFORMS = "iphoneos iphonesimulator";
				SUPPORTS_MACCATALYST = NO;
				SUPPORTS_MAC_DESIGNED_FOR_IPHONE_IPAD = NO;
				SUPPORTS_XR_DESIGNED_FOR_IPHONE_IPAD = NO;
				SWIFT_EMIT_LOC_STRINGS = YES;
				SWIFT_VERSION = 5.0;
				TARGETED_DEVICE_FAMILY = 1;
			};
			name = Release;
		};
		F75C1BAA2E5DF82A00451E92 /* Debug */ = {
			isa = XCBuildConfiguration;
			buildSettings = {
				BUNDLE_LOADER = "$(TEST_HOST)";
				CODE_SIGN_STYLE = Automatic;
				CURRENT_PROJECT_VERSION = 1;
				DEVELOPMENT_TEAM = 785KK9R5M8;
				GENERATE_INFOPLIST_FILE = YES;
				IPHONEOS_DEPLOYMENT_TARGET = 18.5;
				MARKETING_VERSION = 1.0;
				PRODUCT_BUNDLE_IDENTIFIER = com.wonhajin.yeogijeogiTests;
				PRODUCT_NAME = "$(TARGET_NAME)";
				SWIFT_EMIT_LOC_STRINGS = NO;
				SWIFT_VERSION = 5.0;
				TARGETED_DEVICE_FAMILY = "1,2";
				TEST_HOST = "$(BUILT_PRODUCTS_DIR)/yeogijeogi.app/$(BUNDLE_EXECUTABLE_FOLDER_PATH)/yeogijeogi";
			};
			name = Debug;
		};
		F75C1BAB2E5DF82A00451E92 /* Release */ = {
			isa = XCBuildConfiguration;
			buildSettings = {
				BUNDLE_LOADER = "$(TEST_HOST)";
				CODE_SIGN_STYLE = Automatic;
				CURRENT_PROJECT_VERSION = 1;
				DEVELOPMENT_TEAM = 785KK9R5M8;
				GENERATE_INFOPLIST_FILE = YES;
				IPHONEOS_DEPLOYMENT_TARGET = 18.5;
				MARKETING_VERSION = 1.0;
				PRODUCT_BUNDLE_IDENTIFIER = com.wonhajin.yeogijeogiTests;
				PRODUCT_NAME = "$(TARGET_NAME)";
				SWIFT_EMIT_LOC_STRINGS = NO;
				SWIFT_VERSION = 5.0;
				TARGETED_DEVICE_FAMILY = "1,2";
				TEST_HOST = "$(BUILT_PRODUCTS_DIR)/yeogijeogi.app/$(BUNDLE_EXECUTABLE_FOLDER_PATH)/yeogijeogi";
			};
			name = Release;
		};
		F75C1BAD2E5DF82A00451E92 /* Debug */ = {
			isa = XCBuildConfiguration;
			buildSettings = {
				CODE_SIGN_STYLE = Automatic;
				CURRENT_PROJECT_VERSION = 1;
				DEVELOPMENT_TEAM = 785KK9R5M8;
				GENERATE_INFOPLIST_FILE = YES;
				MARKETING_VERSION = 1.0;
				PRODUCT_BUNDLE_IDENTIFIER = com.wonhajin.yeogijeogiUITests;
				PRODUCT_NAME = "$(TARGET_NAME)";
				SWIFT_EMIT_LOC_STRINGS = NO;
				SWIFT_VERSION = 5.0;
				TARGETED_DEVICE_FAMILY = "1,2";
				TEST_TARGET_NAME = yeogijeogi;
			};
			name = Debug;
		};
		F75C1BAE2E5DF82A00451E92 /* Release */ = {
			isa = XCBuildConfiguration;
			buildSettings = {
				CODE_SIGN_STYLE = Automatic;
				CURRENT_PROJECT_VERSION = 1;
				DEVELOPMENT_TEAM = 785KK9R5M8;
				GENERATE_INFOPLIST_FILE = YES;
				MARKETING_VERSION = 1.0;
				PRODUCT_BUNDLE_IDENTIFIER = com.wonhajin.yeogijeogiUITests;
				PRODUCT_NAME = "$(TARGET_NAME)";
				SWIFT_EMIT_LOC_STRINGS = NO;
				SWIFT_VERSION = 5.0;
				TARGETED_DEVICE_FAMILY = "1,2";
				TEST_TARGET_NAME = yeogijeogi;
			};
			name = Release;
		};
/* End XCBuildConfiguration section */

/* Begin XCConfigurationList section */
		F75C1B802E5DF82900451E92 /* Build configuration list for PBXProject "yeogijeogi" */ = {
			isa = XCConfigurationList;
			buildConfigurations = (
				F75C1BA42E5DF82A00451E92 /* Debug */,
				F75C1BA52E5DF82A00451E92 /* Release */,
			);
			defaultConfigurationIsVisible = 0;
			defaultConfigurationName = Release;
		};
		F75C1BA62E5DF82A00451E92 /* Build configuration list for PBXNativeTarget "yeogijeogi" */ = {
			isa = XCConfigurationList;
			buildConfigurations = (
				F75C1BA72E5DF82A00451E92 /* Debug */,
				F75C1BA82E5DF82A00451E92 /* Release */,
			);
			defaultConfigurationIsVisible = 0;
			defaultConfigurationName = Release;
		};
		F75C1BA92E5DF82A00451E92 /* Build configuration list for PBXNativeTarget "yeogijeogiTests" */ = {
			isa = XCConfigurationList;
			buildConfigurations = (
				F75C1BAA2E5DF82A00451E92 /* Debug */,
				F75C1BAB2E5DF82A00451E92 /* Release */,
			);
			defaultConfigurationIsVisible = 0;
			defaultConfigurationName = Release;
		};
		F75C1BAC2E5DF82A00451E92 /* Build configuration list for PBXNativeTarget "yeogijeogiUITests" */ = {
			isa = XCConfigurationList;
			buildConfigurations = (
				F75C1BAD2E5DF82A00451E92 /* Debug */,
				F75C1BAE2E5DF82A00451E92 /* Release */,
			);
			defaultConfigurationIsVisible = 0;
			defaultConfigurationName = Release;
		};
/* End XCConfigurationList section */

/* Begin XCRemoteSwiftPackageReference section */
		F799AF222E701BF6008E1E6E /* XCRemoteSwiftPackageReference "Alamofire" */ = {
			isa = XCRemoteSwiftPackageReference;
			repositoryURL = "https://github.com/Alamofire/Alamofire";
			requirement = {
				kind = upToNextMajorVersion;
				minimumVersion = 5.10.2;
			};
		};
		F7CAC92F2E68332E0044FA9C /* XCRemoteSwiftPackageReference "firebase-ios-sdk" */ = {
			isa = XCRemoteSwiftPackageReference;
			repositoryURL = "https://github.com/firebase/firebase-ios-sdk";
			requirement = {
				kind = upToNextMajorVersion;
				minimumVersion = 12.2.0;
			};
		};
		F7CAC9362E68333F0044FA9C /* XCRemoteSwiftPackageReference "GoogleSignIn-iOS" */ = {
			isa = XCRemoteSwiftPackageReference;
			repositoryURL = "https://github.com/google/GoogleSignIn-iOS";
			requirement = {
				kind = upToNextMajorVersion;
				minimumVersion = 9.0.0;
			};
		};
		F7D551012E619887004144B1 /* XCRemoteSwiftPackageReference "SPM-NMapsMap" */ = {
			isa = XCRemoteSwiftPackageReference;
			repositoryURL = "https://github.com/navermaps/SPM-NMapsMap";
			requirement = {
				kind = upToNextMajorVersion;
				minimumVersion = 3.22.1;
			};
		};
		F7FD15082E65453800C5ADFF /* XCRemoteSwiftPackageReference "BottomSheet" */ = {
			isa = XCRemoteSwiftPackageReference;
			repositoryURL = "https://github.com/lucaszischka/BottomSheet";
			requirement = {
				kind = upToNextMajorVersion;
				minimumVersion = 3.1.1;
			};
		};
/* End XCRemoteSwiftPackageReference section */

/* Begin XCSwiftPackageProductDependency section */
		F799AF232E701BF6008E1E6E /* Alamofire */ = {
			isa = XCSwiftPackageProductDependency;
			package = F799AF222E701BF6008E1E6E /* XCRemoteSwiftPackageReference "Alamofire" */;
			productName = Alamofire;
		};
		F7CAC9302E68332E0044FA9C /* FirebaseAnalytics */ = {
			isa = XCSwiftPackageProductDependency;
			package = F7CAC92F2E68332E0044FA9C /* XCRemoteSwiftPackageReference "firebase-ios-sdk" */;
			productName = FirebaseAnalytics;
		};
		F7CAC9322E68332E0044FA9C /* FirebaseAuth */ = {
			isa = XCSwiftPackageProductDependency;
			package = F7CAC92F2E68332E0044FA9C /* XCRemoteSwiftPackageReference "firebase-ios-sdk" */;
			productName = FirebaseAuth;
		};
		F7CAC9342E68332E0044FA9C /* FirebaseCore */ = {
			isa = XCSwiftPackageProductDependency;
			package = F7CAC92F2E68332E0044FA9C /* XCRemoteSwiftPackageReference "firebase-ios-sdk" */;
			productName = FirebaseCore;
		};
		F7CAC9372E68333F0044FA9C /* GoogleSignIn */ = {
			isa = XCSwiftPackageProductDependency;
			package = F7CAC9362E68333F0044FA9C /* XCRemoteSwiftPackageReference "GoogleSignIn-iOS" */;
			productName = GoogleSignIn;
		};
		F7CAC9392E68333F0044FA9C /* GoogleSignInSwift */ = {
			isa = XCSwiftPackageProductDependency;
			package = F7CAC9362E68333F0044FA9C /* XCRemoteSwiftPackageReference "GoogleSignIn-iOS" */;
			productName = GoogleSignInSwift;
		};
		F7D551022E619887004144B1 /* NMapsMap */ = {
			isa = XCSwiftPackageProductDependency;
			package = F7D551012E619887004144B1 /* XCRemoteSwiftPackageReference "SPM-NMapsMap" */;
			productName = NMapsMap;
		};
		F7FD15092E65455200C5ADFF /* BottomSheet */ = {
			isa = XCSwiftPackageProductDependency;
			package = F7FD15082E65453800C5ADFF /* XCRemoteSwiftPackageReference "BottomSheet" */;
			productName = BottomSheet;
		};
/* End XCSwiftPackageProductDependency section */
	};
	rootObject = F75C1B7D2E5DF82900451E92 /* Project object */;
}
